// !$*UTF8*$!
{
	archiveVersion = 1;
	classes = {
	};
	objectVersion = 56;
	objects = {

/* Begin PBXBuildFile section */
		A87C1163752374DE1BF54B30 /* Pods_Weather.framework in Frameworks */ = {isa = PBXBuildFile; fileRef = 7EB66B7D66494C135FEC04F0 /* Pods_Weather.framework */; };
		C00D714D2913058A00787790 /* SearchViewController.swift in Sources */ = {isa = PBXBuildFile; fileRef = C00D714C2913058A00787790 /* SearchViewController.swift */; };
		C082676A29127EAC009E46F9 /* WeatherViewController.swift in Sources */ = {isa = PBXBuildFile; fileRef = C082676929127EAC009E46F9 /* WeatherViewController.swift */; };
		C082676D29127F45009E46F9 /* Binding.swift in Sources */ = {isa = PBXBuildFile; fileRef = C082676C29127F45009E46F9 /* Binding.swift */; };
		C082677029128577009E46F9 /* HourlyCollectionViewCell.swift in Sources */ = {isa = PBXBuildFile; fileRef = C082676F29128577009E46F9 /* HourlyCollectionViewCell.swift */; };
		C08267722912858B009E46F9 /* DailyCollectionViewCell.swift in Sources */ = {isa = PBXBuildFile; fileRef = C08267712912858B009E46F9 /* DailyCollectionViewCell.swift */; };
		C0826774291287B6009E46F9 /* Double+Extension.swift in Sources */ = {isa = PBXBuildFile; fileRef = C0826773291287B6009E46F9 /* Double+Extension.swift */; };
		C0826777291291E3009E46F9 /* UIImageView+Extension.swift in Sources */ = {isa = PBXBuildFile; fileRef = C0826776291291E3009E46F9 /* UIImageView+Extension.swift */; };
		C082677929129374009E46F9 /* UIView+Extension.swift in Sources */ = {isa = PBXBuildFile; fileRef = C082677829129374009E46F9 /* UIView+Extension.swift */; };
		C082677B2912954B009E46F9 /* WeatherViewModel.swift in Sources */ = {isa = PBXBuildFile; fileRef = C082677A2912954B009E46F9 /* WeatherViewModel.swift */; };
		C09BF92B291168C4000EDA70 /* CurrentWeather.swift in Sources */ = {isa = PBXBuildFile; fileRef = C09BF92A291168C4000EDA70 /* CurrentWeather.swift */; };
		C09BF92D29116B69000EDA70 /* DailyWeather.swift in Sources */ = {isa = PBXBuildFile; fileRef = C09BF92C29116B69000EDA70 /* DailyWeather.swift */; };
		C09BF92F29116C48000EDA70 /* City.swift in Sources */ = {isa = PBXBuildFile; fileRef = C09BF92E29116C48000EDA70 /* City.swift */; };
		C0A60D432911C29A0010F50F /* Constants.swift in Sources */ = {isa = PBXBuildFile; fileRef = C0A60D422911C29A0010F50F /* Constants.swift */; };
		C0BA925029116D9700944FCF /* WeatherManager.swift in Sources */ = {isa = PBXBuildFile; fileRef = C0BA924F29116D9700944FCF /* WeatherManager.swift */; };
		C0BA92532911755900944FCF /* WeatherInterface.swift in Sources */ = {isa = PBXBuildFile; fileRef = C0BA92522911755900944FCF /* WeatherInterface.swift */; };
		C0BA925A2911877200944FCF /* cloud.mp4 in Resources */ = {isa = PBXBuildFile; fileRef = C0BA92592911877200944FCF /* cloud.mp4 */; };
		C0BA925E2911888300944FCF /* WelcomeViewController.swift in Sources */ = {isa = PBXBuildFile; fileRef = C0BA925D2911888300944FCF /* WelcomeViewController.swift */; };
		C0BA9261291189AF00944FCF /* WelcomeViewModel.swift in Sources */ = {isa = PBXBuildFile; fileRef = C0BA9260291189AF00944FCF /* WelcomeViewModel.swift */; };
		C0BA926429118A5D00944FCF /* UIButton+Extension.swift in Sources */ = {isa = PBXBuildFile; fileRef = C0BA926329118A5D00944FCF /* UIButton+Extension.swift */; };
		C0BA926629118AE000944FCF /* String+Extension.swift in Sources */ = {isa = PBXBuildFile; fileRef = C0BA926529118AE000944FCF /* String+Extension.swift */; };
		C0BA926B29118B5900944FCF /* Localizable.strings in Resources */ = {isa = PBXBuildFile; fileRef = C0BA926D29118B5900944FCF /* Localizable.strings */; };
		C0F13A6529106B5600394BC5 /* AppDelegate.swift in Sources */ = {isa = PBXBuildFile; fileRef = C0F13A6429106B5600394BC5 /* AppDelegate.swift */; };
		C0F13A6729106B5600394BC5 /* SceneDelegate.swift in Sources */ = {isa = PBXBuildFile; fileRef = C0F13A6629106B5600394BC5 /* SceneDelegate.swift */; };
		C0F13A6929106B5600394BC5 /* ViewController.swift in Sources */ = {isa = PBXBuildFile; fileRef = C0F13A6829106B5600394BC5 /* ViewController.swift */; };
		C0F13A6C29106B5600394BC5 /* Main.storyboard in Resources */ = {isa = PBXBuildFile; fileRef = C0F13A6A29106B5600394BC5 /* Main.storyboard */; };
		C0F13A7129106B5800394BC5 /* Assets.xcassets in Resources */ = {isa = PBXBuildFile; fileRef = C0F13A7029106B5800394BC5 /* Assets.xcassets */; };
		C0F13A7429106B5800394BC5 /* LaunchScreen.storyboard in Resources */ = {isa = PBXBuildFile; fileRef = C0F13A7229106B5800394BC5 /* LaunchScreen.storyboard */; };
		C0F13A7D29106CB400394BC5 /* loader.json in Resources */ = {isa = PBXBuildFile; fileRef = C0F13A7C29106CB400394BC5 /* loader.json */; };
		C0F13A8129106D3400394BC5 /* LoadingViewController.swift in Sources */ = {isa = PBXBuildFile; fileRef = C0F13A8029106D3400394BC5 /* LoadingViewController.swift */; };
		C0F13A8429106E9A00394BC5 /* LoadingViewModel.swift in Sources */ = {isa = PBXBuildFile; fileRef = C0F13A8329106E9A00394BC5 /* LoadingViewModel.swift */; };
/* End PBXBuildFile section */

/* Begin PBXFileReference section */
		005C9FC15103BAD414E90A8F /* Pods-Weather.debug.xcconfig */ = {isa = PBXFileReference; includeInIndex = 1; lastKnownFileType = text.xcconfig; name = "Pods-Weather.debug.xcconfig"; path = "Target Support Files/Pods-Weather/Pods-Weather.debug.xcconfig"; sourceTree = "<group>"; };
		3C3565CC9BDD8A7E79CFB649 /* Pods-Weather.release.xcconfig */ = {isa = PBXFileReference; includeInIndex = 1; lastKnownFileType = text.xcconfig; name = "Pods-Weather.release.xcconfig"; path = "Target Support Files/Pods-Weather/Pods-Weather.release.xcconfig"; sourceTree = "<group>"; };
		7EB66B7D66494C135FEC04F0 /* Pods_Weather.framework */ = {isa = PBXFileReference; explicitFileType = wrapper.framework; includeInIndex = 0; path = Pods_Weather.framework; sourceTree = BUILT_PRODUCTS_DIR; };
		C00D714C2913058A00787790 /* SearchViewController.swift */ = {isa = PBXFileReference; lastKnownFileType = sourcecode.swift; path = SearchViewController.swift; sourceTree = "<group>"; };
		C082676929127EAC009E46F9 /* WeatherViewController.swift */ = {isa = PBXFileReference; lastKnownFileType = sourcecode.swift; path = WeatherViewController.swift; sourceTree = "<group>"; };
		C082676C29127F45009E46F9 /* Binding.swift */ = {isa = PBXFileReference; lastKnownFileType = sourcecode.swift; path = Binding.swift; sourceTree = "<group>"; };
		C082676F29128577009E46F9 /* HourlyCollectionViewCell.swift */ = {isa = PBXFileReference; lastKnownFileType = sourcecode.swift; path = HourlyCollectionViewCell.swift; sourceTree = "<group>"; };
		C08267712912858B009E46F9 /* DailyCollectionViewCell.swift */ = {isa = PBXFileReference; lastKnownFileType = sourcecode.swift; path = DailyCollectionViewCell.swift; sourceTree = "<group>"; };
		C0826773291287B6009E46F9 /* Double+Extension.swift */ = {isa = PBXFileReference; lastKnownFileType = sourcecode.swift; path = "Double+Extension.swift"; sourceTree = "<group>"; };
		C0826776291291E3009E46F9 /* UIImageView+Extension.swift */ = {isa = PBXFileReference; lastKnownFileType = sourcecode.swift; path = "UIImageView+Extension.swift"; sourceTree = "<group>"; };
		C082677829129374009E46F9 /* UIView+Extension.swift */ = {isa = PBXFileReference; lastKnownFileType = sourcecode.swift; path = "UIView+Extension.swift"; sourceTree = "<group>"; };
		C082677A2912954B009E46F9 /* WeatherViewModel.swift */ = {isa = PBXFileReference; lastKnownFileType = sourcecode.swift; path = WeatherViewModel.swift; sourceTree = "<group>"; };
		C09BF92A291168C4000EDA70 /* CurrentWeather.swift */ = {isa = PBXFileReference; lastKnownFileType = sourcecode.swift; path = CurrentWeather.swift; sourceTree = "<group>"; };
		C09BF92C29116B69000EDA70 /* DailyWeather.swift */ = {isa = PBXFileReference; lastKnownFileType = sourcecode.swift; path = DailyWeather.swift; sourceTree = "<group>"; };
		C09BF92E29116C48000EDA70 /* City.swift */ = {isa = PBXFileReference; lastKnownFileType = sourcecode.swift; path = City.swift; sourceTree = "<group>"; };
		C0A60D422911C29A0010F50F /* Constants.swift */ = {isa = PBXFileReference; lastKnownFileType = sourcecode.swift; path = Constants.swift; sourceTree = "<group>"; };
		C0BA924F29116D9700944FCF /* WeatherManager.swift */ = {isa = PBXFileReference; lastKnownFileType = sourcecode.swift; path = WeatherManager.swift; sourceTree = "<group>"; };
		C0BA92522911755900944FCF /* WeatherInterface.swift */ = {isa = PBXFileReference; lastKnownFileType = sourcecode.swift; path = WeatherInterface.swift; sourceTree = "<group>"; };
		C0BA92592911877200944FCF /* cloud.mp4 */ = {isa = PBXFileReference; lastKnownFileType = file; path = cloud.mp4; sourceTree = "<group>"; };
		C0BA925D2911888300944FCF /* WelcomeViewController.swift */ = {isa = PBXFileReference; lastKnownFileType = sourcecode.swift; path = WelcomeViewController.swift; sourceTree = "<group>"; };
		C0BA9260291189AF00944FCF /* WelcomeViewModel.swift */ = {isa = PBXFileReference; lastKnownFileType = sourcecode.swift; path = WelcomeViewModel.swift; sourceTree = "<group>"; };
		C0BA926329118A5D00944FCF /* UIButton+Extension.swift */ = {isa = PBXFileReference; lastKnownFileType = sourcecode.swift; path = "UIButton+Extension.swift"; sourceTree = "<group>"; };
		C0BA926529118AE000944FCF /* String+Extension.swift */ = {isa = PBXFileReference; lastKnownFileType = sourcecode.swift; path = "String+Extension.swift"; sourceTree = "<group>"; };
		C0BA926729118B2700944FCF /* tr */ = {isa = PBXFileReference; lastKnownFileType = text.plist.strings; name = tr; path = tr.lproj/Main.strings; sourceTree = "<group>"; };
		C0BA926829118B2700944FCF /* tr */ = {isa = PBXFileReference; lastKnownFileType = text.plist.strings; name = tr; path = tr.lproj/LaunchScreen.strings; sourceTree = "<group>"; };
		C0BA926C29118B5900944FCF /* en */ = {isa = PBXFileReference; lastKnownFileType = text.plist.strings; name = en; path = en.lproj/Localizable.strings; sourceTree = "<group>"; };
		C0BA926E29118B6000944FCF /* tr */ = {isa = PBXFileReference; lastKnownFileType = text.plist.strings; name = tr; path = tr.lproj/Localizable.strings; sourceTree = "<group>"; };
		C0F13A6129106B5600394BC5 /* Weather.app */ = {isa = PBXFileReference; explicitFileType = wrapper.application; includeInIndex = 0; path = Weather.app; sourceTree = BUILT_PRODUCTS_DIR; };
		C0F13A6429106B5600394BC5 /* AppDelegate.swift */ = {isa = PBXFileReference; lastKnownFileType = sourcecode.swift; path = AppDelegate.swift; sourceTree = "<group>"; };
		C0F13A6629106B5600394BC5 /* SceneDelegate.swift */ = {isa = PBXFileReference; lastKnownFileType = sourcecode.swift; path = SceneDelegate.swift; sourceTree = "<group>"; };
		C0F13A6829106B5600394BC5 /* ViewController.swift */ = {isa = PBXFileReference; lastKnownFileType = sourcecode.swift; path = ViewController.swift; sourceTree = "<group>"; };
		C0F13A6B29106B5600394BC5 /* Base */ = {isa = PBXFileReference; lastKnownFileType = file.storyboard; name = Base; path = Base.lproj/Main.storyboard; sourceTree = "<group>"; };
		C0F13A7029106B5800394BC5 /* Assets.xcassets */ = {isa = PBXFileReference; lastKnownFileType = folder.assetcatalog; path = Assets.xcassets; sourceTree = "<group>"; };
		C0F13A7329106B5800394BC5 /* Base */ = {isa = PBXFileReference; lastKnownFileType = file.storyboard; name = Base; path = Base.lproj/LaunchScreen.storyboard; sourceTree = "<group>"; };
		C0F13A7529106B5800394BC5 /* Info.plist */ = {isa = PBXFileReference; lastKnownFileType = text.plist.xml; path = Info.plist; sourceTree = "<group>"; };
		C0F13A7C29106CB400394BC5 /* loader.json */ = {isa = PBXFileReference; fileEncoding = 4; lastKnownFileType = text.json; path = loader.json; sourceTree = "<group>"; };
		C0F13A8029106D3400394BC5 /* LoadingViewController.swift */ = {isa = PBXFileReference; lastKnownFileType = sourcecode.swift; path = LoadingViewController.swift; sourceTree = "<group>"; };
		C0F13A8329106E9A00394BC5 /* LoadingViewModel.swift */ = {isa = PBXFileReference; lastKnownFileType = sourcecode.swift; path = LoadingViewModel.swift; sourceTree = "<group>"; };
/* End PBXFileReference section */

/* Begin PBXFrameworksBuildPhase section */
		C0F13A5E29106B5600394BC5 /* Frameworks */ = {
			isa = PBXFrameworksBuildPhase;
			buildActionMask = 2147483647;
			files = (
				A87C1163752374DE1BF54B30 /* Pods_Weather.framework in Frameworks */,
			);
			runOnlyForDeploymentPostprocessing = 0;
		};
/* End PBXFrameworksBuildPhase section */

/* Begin PBXGroup section */
		4D4BDE8F4D76DD2FF1370A2E /* Frameworks */ = {
			isa = PBXGroup;
			children = (
				7EB66B7D66494C135FEC04F0 /* Pods_Weather.framework */,
			);
			name = Frameworks;
			sourceTree = "<group>";
		};
		C00D714A2913056900787790 /* Search */ = {
			isa = PBXGroup;
			children = (
				C00D714B2913057300787790 /* ViewController */,
			);
			path = Search;
			sourceTree = "<group>";
		};
		C00D714B2913057300787790 /* ViewController */ = {
			isa = PBXGroup;
			children = (
				C00D714C2913058A00787790 /* SearchViewController.swift */,
			);
			path = ViewController;
			sourceTree = "<group>";
		};
		C082676729127E8D009E46F9 /* Weather */ = {
			isa = PBXGroup;
			children = (
				C082677529128C3B009E46F9 /* ViewModel */,
				C082676E291284FF009E46F9 /* CollectionCells */,
				C082676829127E98009E46F9 /* ViewController */,
			);
			path = Weather;
			sourceTree = "<group>";
		};
		C082676829127E98009E46F9 /* ViewController */ = {
			isa = PBXGroup;
			children = (
				C082676929127EAC009E46F9 /* WeatherViewController.swift */,
			);
			path = ViewController;
			sourceTree = "<group>";
		};
		C082676B29127F12009E46F9 /* Binding */ = {
			isa = PBXGroup;
			children = (
				C082676C29127F45009E46F9 /* Binding.swift */,
			);
			path = Binding;
			sourceTree = "<group>";
		};
		C082676E291284FF009E46F9 /* CollectionCells */ = {
			isa = PBXGroup;
			children = (
				C082676F29128577009E46F9 /* HourlyCollectionViewCell.swift */,
				C08267712912858B009E46F9 /* DailyCollectionViewCell.swift */,
			);
			path = CollectionCells;
			sourceTree = "<group>";
		};
		C082677529128C3B009E46F9 /* ViewModel */ = {
			isa = PBXGroup;
			children = (
				C082677A2912954B009E46F9 /* WeatherViewModel.swift */,
			);
			path = ViewModel;
			sourceTree = "<group>";
		};
		C09BF92629116787000EDA70 /* StoryBoards */ = {
			isa = PBXGroup;
			children = (
				C0F13A6A29106B5600394BC5 /* Main.storyboard */,
				C0F13A7229106B5800394BC5 /* LaunchScreen.storyboard */,
			);
			path = StoryBoards;
			sourceTree = "<group>";
		};
		C09BF92729116871000EDA70 /* API */ = {
			isa = PBXGroup;
			children = (
				C0BA92512911753900944FCF /* Interface */,
				C09BF9292911688E000EDA70 /* Service */,
				C09BF9282911687A000EDA70 /* Models */,
			);
			path = API;
			sourceTree = "<group>";
		};
		C09BF9282911687A000EDA70 /* Models */ = {
			isa = PBXGroup;
			children = (
				C09BF92A291168C4000EDA70 /* CurrentWeather.swift */,
				C09BF92C29116B69000EDA70 /* DailyWeather.swift */,
				C09BF92E29116C48000EDA70 /* City.swift */,
			);
			path = Models;
			sourceTree = "<group>";
		};
		C09BF9292911688E000EDA70 /* Service */ = {
			isa = PBXGroup;
			children = (
				C0BA924F29116D9700944FCF /* WeatherManager.swift */,
			);
			path = Service;
			sourceTree = "<group>";
		};
		C0A60D412911C28F0010F50F /* Constants */ = {
			isa = PBXGroup;
			children = (
				C0A60D422911C29A0010F50F /* Constants.swift */,
			);
			path = Constants;
			sourceTree = "<group>";
		};
		C0BA92512911753900944FCF /* Interface */ = {
			isa = PBXGroup;
			children = (
				C0BA92522911755900944FCF /* WeatherInterface.swift */,
			);
			path = Interface;
			sourceTree = "<group>";
		};
		C0BA92542911850200944FCF /* Resource */ = {
			isa = PBXGroup;
			children = (
				C0BA92592911877200944FCF /* cloud.mp4 */,
			);
			path = Resource;
			sourceTree = "<group>";
		};
		C0BA925B2911886100944FCF /* Welcome */ = {
			isa = PBXGroup;
			children = (
				C0BA925F291189A300944FCF /* ViewModel */,
				C0BA925C2911887100944FCF /* ViewController */,
			);
			path = Welcome;
			sourceTree = "<group>";
		};
		C0BA925C2911887100944FCF /* ViewController */ = {
			isa = PBXGroup;
			children = (
				C0BA925D2911888300944FCF /* WelcomeViewController.swift */,
			);
			path = ViewController;
			sourceTree = "<group>";
		};
		C0BA925F291189A300944FCF /* ViewModel */ = {
			isa = PBXGroup;
			children = (
				C0BA9260291189AF00944FCF /* WelcomeViewModel.swift */,
			);
			path = ViewModel;
			sourceTree = "<group>";
		};
		C0BA926229118A4C00944FCF /* Extensions */ = {
			isa = PBXGroup;
			children = (
				C0BA926329118A5D00944FCF /* UIButton+Extension.swift */,
				C0BA926529118AE000944FCF /* String+Extension.swift */,
				C0826773291287B6009E46F9 /* Double+Extension.swift */,
				C0826776291291E3009E46F9 /* UIImageView+Extension.swift */,
				C082677829129374009E46F9 /* UIView+Extension.swift */,
			);
			path = Extensions;
			sourceTree = "<group>";
		};
		C0F13A5829106B5600394BC5 = {
			isa = PBXGroup;
			children = (
				C0F13A6329106B5600394BC5 /* Weather */,
				C0F13A6229106B5600394BC5 /* Products */,
				CC7E9BA9A87AE8357A1FBD7D /* Pods */,
				4D4BDE8F4D76DD2FF1370A2E /* Frameworks */,
			);
			sourceTree = "<group>";
		};
		C0F13A6229106B5600394BC5 /* Products */ = {
			isa = PBXGroup;
			children = (
				C0F13A6129106B5600394BC5 /* Weather.app */,
			);
			name = Products;
			sourceTree = "<group>";
		};
		C0F13A6329106B5600394BC5 /* Weather */ = {
			isa = PBXGroup;
			children = (
				C00D714A2913056900787790 /* Search */,
				C082676B29127F12009E46F9 /* Binding */,
				C082676729127E8D009E46F9 /* Weather */,
				C0A60D412911C28F0010F50F /* Constants */,
				C0BA926229118A4C00944FCF /* Extensions */,
				C0BA925B2911886100944FCF /* Welcome */,
				C0BA92542911850200944FCF /* Resource */,
				C09BF92729116871000EDA70 /* API */,
				C09BF92629116787000EDA70 /* StoryBoards */,
				C0F13A7E29106CFF00394BC5 /* Loading */,
				C0F13A7B29106CA400394BC5 /* Loader */,
				C0F13A6429106B5600394BC5 /* AppDelegate.swift */,
				C0F13A6629106B5600394BC5 /* SceneDelegate.swift */,
				C0F13A6829106B5600394BC5 /* ViewController.swift */,
				C0F13A7029106B5800394BC5 /* Assets.xcassets */,
				C0F13A7529106B5800394BC5 /* Info.plist */,
				C0BA926D29118B5900944FCF /* Localizable.strings */,
			);
			path = Weather;
			sourceTree = "<group>";
		};
		C0F13A7B29106CA400394BC5 /* Loader */ = {
			isa = PBXGroup;
			children = (
				C0F13A7C29106CB400394BC5 /* loader.json */,
			);
			path = Loader;
			sourceTree = "<group>";
		};
		C0F13A7E29106CFF00394BC5 /* Loading */ = {
			isa = PBXGroup;
			children = (
				C0F13A8229106E8600394BC5 /* ViewModel */,
				C0F13A7F29106D0B00394BC5 /* ViewController */,
			);
			path = Loading;
			sourceTree = "<group>";
		};
		C0F13A7F29106D0B00394BC5 /* ViewController */ = {
			isa = PBXGroup;
			children = (
				C0F13A8029106D3400394BC5 /* LoadingViewController.swift */,
			);
			path = ViewController;
			sourceTree = "<group>";
		};
		C0F13A8229106E8600394BC5 /* ViewModel */ = {
			isa = PBXGroup;
			children = (
				C0F13A8329106E9A00394BC5 /* LoadingViewModel.swift */,
			);
			path = ViewModel;
			sourceTree = "<group>";
		};
		CC7E9BA9A87AE8357A1FBD7D /* Pods */ = {
			isa = PBXGroup;
			children = (
				005C9FC15103BAD414E90A8F /* Pods-Weather.debug.xcconfig */,
				3C3565CC9BDD8A7E79CFB649 /* Pods-Weather.release.xcconfig */,
			);
			path = Pods;
			sourceTree = "<group>";
		};
/* End PBXGroup section */

/* Begin PBXNativeTarget section */
		C0F13A6029106B5600394BC5 /* Weather */ = {
			isa = PBXNativeTarget;
			buildConfigurationList = C0F13A7829106B5800394BC5 /* Build configuration list for PBXNativeTarget "Weather" */;
			buildPhases = (
				A174F8375684D7913F8FC768 /* [CP] Check Pods Manifest.lock */,
				C0F13A5D29106B5600394BC5 /* Sources */,
				C0F13A5E29106B5600394BC5 /* Frameworks */,
				C0F13A5F29106B5600394BC5 /* Resources */,
				50D0EBBDCC4015060073DA1C /* [CP] Embed Pods Frameworks */,
			);
			buildRules = (
			);
			dependencies = (
			);
			name = Weather;
			productName = Weather;
			productReference = C0F13A6129106B5600394BC5 /* Weather.app */;
			productType = "com.apple.product-type.application";
		};
/* End PBXNativeTarget section */

/* Begin PBXProject section */
		C0F13A5929106B5600394BC5 /* Project object */ = {
			isa = PBXProject;
			attributes = {
				BuildIndependentTargetsInParallel = 1;
				LastSwiftUpdateCheck = 1400;
				LastUpgradeCheck = 1400;
				TargetAttributes = {
					C0F13A6029106B5600394BC5 = {
						CreatedOnToolsVersion = 14.0;
					};
				};
			};
			buildConfigurationList = C0F13A5C29106B5600394BC5 /* Build configuration list for PBXProject "Weather" */;
			compatibilityVersion = "Xcode 14.0";
			developmentRegion = en;
			hasScannedForEncodings = 0;
			knownRegions = (
				en,
				Base,
				tr,
			);
			mainGroup = C0F13A5829106B5600394BC5;
			productRefGroup = C0F13A6229106B5600394BC5 /* Products */;
			projectDirPath = "";
			projectRoot = "";
			targets = (
				C0F13A6029106B5600394BC5 /* Weather */,
			);
		};
/* End PBXProject section */

/* Begin PBXResourcesBuildPhase section */
		C0F13A5F29106B5600394BC5 /* Resources */ = {
			isa = PBXResourcesBuildPhase;
			buildActionMask = 2147483647;
			files = (
				C0F13A7429106B5800394BC5 /* LaunchScreen.storyboard in Resources */,
				C0BA926B29118B5900944FCF /* Localizable.strings in Resources */,
				C0F13A7129106B5800394BC5 /* Assets.xcassets in Resources */,
				C0F13A7D29106CB400394BC5 /* loader.json in Resources */,
				C0BA925A2911877200944FCF /* cloud.mp4 in Resources */,
				C0F13A6C29106B5600394BC5 /* Main.storyboard in Resources */,
			);
			runOnlyForDeploymentPostprocessing = 0;
		};
/* End PBXResourcesBuildPhase section */

/* Begin PBXShellScriptBuildPhase section */
		50D0EBBDCC4015060073DA1C /* [CP] Embed Pods Frameworks */ = {
			isa = PBXShellScriptBuildPhase;
			buildActionMask = 2147483647;
			files = (
			);
			inputFileListPaths = (
				"${PODS_ROOT}/Target Support Files/Pods-Weather/Pods-Weather-frameworks-${CONFIGURATION}-input-files.xcfilelist",
			);
			name = "[CP] Embed Pods Frameworks";
			outputFileListPaths = (
				"${PODS_ROOT}/Target Support Files/Pods-Weather/Pods-Weather-frameworks-${CONFIGURATION}-output-files.xcfilelist",
			);
			runOnlyForDeploymentPostprocessing = 0;
			shellPath = /bin/sh;
			shellScript = "\"${PODS_ROOT}/Target Support Files/Pods-Weather/Pods-Weather-frameworks.sh\"\n";
			showEnvVarsInLog = 0;
		};
		A174F8375684D7913F8FC768 /* [CP] Check Pods Manifest.lock */ = {
			isa = PBXShellScriptBuildPhase;
			buildActionMask = 2147483647;
			files = (
			);
			inputFileListPaths = (
			);
			inputPaths = (
				"${PODS_PODFILE_DIR_PATH}/Podfile.lock",
				"${PODS_ROOT}/Manifest.lock",
			);
			name = "[CP] Check Pods Manifest.lock";
			outputFileListPaths = (
			);
			outputPaths = (
				"$(DERIVED_FILE_DIR)/Pods-Weather-checkManifestLockResult.txt",
			);
			runOnlyForDeploymentPostprocessing = 0;
			shellPath = /bin/sh;
			shellScript = "diff \"${PODS_PODFILE_DIR_PATH}/Podfile.lock\" \"${PODS_ROOT}/Manifest.lock\" > /dev/null\nif [ $? != 0 ] ; then\n    # print error to STDERR\n    echo \"error: The sandbox is not in sync with the Podfile.lock. Run 'pod install' or update your CocoaPods installation.\" >&2\n    exit 1\nfi\n# This output is used by Xcode 'outputs' to avoid re-running this script phase.\necho \"SUCCESS\" > \"${SCRIPT_OUTPUT_FILE_0}\"\n";
			showEnvVarsInLog = 0;
		};
/* End PBXShellScriptBuildPhase section */

/* Begin PBXSourcesBuildPhase section */
		C0F13A5D29106B5600394BC5 /* Sources */ = {
			isa = PBXSourcesBuildPhase;
			buildActionMask = 2147483647;
			files = (
				C082677929129374009E46F9 /* UIView+Extension.swift in Sources */,
				C0BA925029116D9700944FCF /* WeatherManager.swift in Sources */,
				C0BA9261291189AF00944FCF /* WelcomeViewModel.swift in Sources */,
				C0BA926429118A5D00944FCF /* UIButton+Extension.swift in Sources */,
				C0F13A6929106B5600394BC5 /* ViewController.swift in Sources */,
				C0BA925E2911888300944FCF /* WelcomeViewController.swift in Sources */,
				C082676A29127EAC009E46F9 /* WeatherViewController.swift in Sources */,
				C0A60D432911C29A0010F50F /* Constants.swift in Sources */,
				C09BF92D29116B69000EDA70 /* DailyWeather.swift in Sources */,
				C0826774291287B6009E46F9 /* Double+Extension.swift in Sources */,
				C0826777291291E3009E46F9 /* UIImageView+Extension.swift in Sources */,
				C0F13A6529106B5600394BC5 /* AppDelegate.swift in Sources */,
				C0F13A8429106E9A00394BC5 /* LoadingViewModel.swift in Sources */,
				C0BA926629118AE000944FCF /* String+Extension.swift in Sources */,
				C082677029128577009E46F9 /* HourlyCollectionViewCell.swift in Sources */,
				C082676D29127F45009E46F9 /* Binding.swift in Sources */,
				C0F13A6729106B5600394BC5 /* SceneDelegate.swift in Sources */,
				C08267722912858B009E46F9 /* DailyCollectionViewCell.swift in Sources */,
				C00D714D2913058A00787790 /* SearchViewController.swift in Sources */,
				C0BA92532911755900944FCF /* WeatherInterface.swift in Sources */,
				C09BF92B291168C4000EDA70 /* CurrentWeather.swift in Sources */,
				C082677B2912954B009E46F9 /* WeatherViewModel.swift in Sources */,
				C09BF92F29116C48000EDA70 /* City.swift in Sources */,
				C0F13A8129106D3400394BC5 /* LoadingViewController.swift in Sources */,
			);
			runOnlyForDeploymentPostprocessing = 0;
		};
/* End PBXSourcesBuildPhase section */

/* Begin PBXVariantGroup section */
		C0BA926D29118B5900944FCF /* Localizable.strings */ = {
			isa = PBXVariantGroup;
			children = (
				C0BA926C29118B5900944FCF /* en */,
				C0BA926E29118B6000944FCF /* tr */,
			);
			name = Localizable.strings;
			sourceTree = "<group>";
		};
		C0F13A6A29106B5600394BC5 /* Main.storyboard */ = {
			isa = PBXVariantGroup;
			children = (
				C0F13A6B29106B5600394BC5 /* Base */,
				C0BA926729118B2700944FCF /* tr */,
			);
			name = Main.storyboard;
			sourceTree = "<group>";
		};
		C0F13A7229106B5800394BC5 /* LaunchScreen.storyboard */ = {
			isa = PBXVariantGroup;
			children = (
				C0F13A7329106B5800394BC5 /* Base */,
				C0BA926829118B2700944FCF /* tr */,
			);
			name = LaunchScreen.storyboard;
			sourceTree = "<group>";
		};
/* End PBXVariantGroup section */

/* Begin XCBuildConfiguration section */
		C0F13A7629106B5800394BC5 /* Debug */ = {
			isa = XCBuildConfiguration;
			buildSettings = {
				ALWAYS_SEARCH_USER_PATHS = NO;
				CLANG_ANALYZER_LOCALIZABILITY_NONLOCALIZED = YES;
				CLANG_ANALYZER_NONNULL = YES;
				CLANG_ANALYZER_NUMBER_OBJECT_CONVERSION = YES_AGGRESSIVE;
				CLANG_CXX_LANGUAGE_STANDARD = "gnu++20";
				CLANG_ENABLE_MODULES = YES;
				CLANG_ENABLE_OBJC_ARC = YES;
				CLANG_ENABLE_OBJC_WEAK = YES;
				CLANG_WARN_BLOCK_CAPTURE_AUTORELEASING = YES;
				CLANG_WARN_BOOL_CONVERSION = YES;
				CLANG_WARN_COMMA = YES;
				CLANG_WARN_CONSTANT_CONVERSION = YES;
				CLANG_WARN_DEPRECATED_OBJC_IMPLEMENTATIONS = YES;
				CLANG_WARN_DIRECT_OBJC_ISA_USAGE = YES_ERROR;
				CLANG_WARN_DOCUMENTATION_COMMENTS = YES;
				CLANG_WARN_EMPTY_BODY = YES;
				CLANG_WARN_ENUM_CONVERSION = YES;
				CLANG_WARN_INFINITE_RECURSION = YES;
				CLANG_WARN_INT_CONVERSION = YES;
				CLANG_WARN_NON_LITERAL_NULL_CONVERSION = YES;
				CLANG_WARN_OBJC_IMPLICIT_RETAIN_SELF = YES;
				CLANG_WARN_OBJC_LITERAL_CONVERSION = YES;
				CLANG_WARN_OBJC_ROOT_CLASS = YES_ERROR;
				CLANG_WARN_QUOTED_INCLUDE_IN_FRAMEWORK_HEADER = YES;
				CLANG_WARN_RANGE_LOOP_ANALYSIS = YES;
				CLANG_WARN_STRICT_PROTOTYPES = YES;
				CLANG_WARN_SUSPICIOUS_MOVE = YES;
				CLANG_WARN_UNGUARDED_AVAILABILITY = YES_AGGRESSIVE;
				CLANG_WARN_UNREACHABLE_CODE = YES;
				CLANG_WARN__DUPLICATE_METHOD_MATCH = YES;
				COPY_PHASE_STRIP = NO;
				DEBUG_INFORMATION_FORMAT = dwarf;
				ENABLE_STRICT_OBJC_MSGSEND = YES;
				ENABLE_TESTABILITY = YES;
				GCC_C_LANGUAGE_STANDARD = gnu11;
				GCC_DYNAMIC_NO_PIC = NO;
				GCC_NO_COMMON_BLOCKS = YES;
				GCC_OPTIMIZATION_LEVEL = 0;
				GCC_PREPROCESSOR_DEFINITIONS = (
					"DEBUG=1",
					"$(inherited)",
				);
				GCC_WARN_64_TO_32_BIT_CONVERSION = YES;
				GCC_WARN_ABOUT_RETURN_TYPE = YES_ERROR;
				GCC_WARN_UNDECLARED_SELECTOR = YES;
				GCC_WARN_UNINITIALIZED_AUTOS = YES_AGGRESSIVE;
				GCC_WARN_UNUSED_FUNCTION = YES;
				GCC_WARN_UNUSED_VARIABLE = YES;
				IPHONEOS_DEPLOYMENT_TARGET = 16.0;
				MTL_ENABLE_DEBUG_INFO = INCLUDE_SOURCE;
				MTL_FAST_MATH = YES;
				ONLY_ACTIVE_ARCH = YES;
				SDKROOT = iphoneos;
				SWIFT_ACTIVE_COMPILATION_CONDITIONS = DEBUG;
				SWIFT_OPTIMIZATION_LEVEL = "-Onone";
			};
			name = Debug;
		};
		C0F13A7729106B5800394BC5 /* Release */ = {
			isa = XCBuildConfiguration;
			buildSettings = {
				ALWAYS_SEARCH_USER_PATHS = NO;
				CLANG_ANALYZER_LOCALIZABILITY_NONLOCALIZED = YES;
				CLANG_ANALYZER_NONNULL = YES;
				CLANG_ANALYZER_NUMBER_OBJECT_CONVERSION = YES_AGGRESSIVE;
				CLANG_CXX_LANGUAGE_STANDARD = "gnu++20";
				CLANG_ENABLE_MODULES = YES;
				CLANG_ENABLE_OBJC_ARC = YES;
				CLANG_ENABLE_OBJC_WEAK = YES;
				CLANG_WARN_BLOCK_CAPTURE_AUTORELEASING = YES;
				CLANG_WARN_BOOL_CONVERSION = YES;
				CLANG_WARN_COMMA = YES;
				CLANG_WARN_CONSTANT_CONVERSION = YES;
				CLANG_WARN_DEPRECATED_OBJC_IMPLEMENTATIONS = YES;
				CLANG_WARN_DIRECT_OBJC_ISA_USAGE = YES_ERROR;
				CLANG_WARN_DOCUMENTATION_COMMENTS = YES;
				CLANG_WARN_EMPTY_BODY = YES;
				CLANG_WARN_ENUM_CONVERSION = YES;
				CLANG_WARN_INFINITE_RECURSION = YES;
				CLANG_WARN_INT_CONVERSION = YES;
				CLANG_WARN_NON_LITERAL_NULL_CONVERSION = YES;
				CLANG_WARN_OBJC_IMPLICIT_RETAIN_SELF = YES;
				CLANG_WARN_OBJC_LITERAL_CONVERSION = YES;
				CLANG_WARN_OBJC_ROOT_CLASS = YES_ERROR;
				CLANG_WARN_QUOTED_INCLUDE_IN_FRAMEWORK_HEADER = YES;
				CLANG_WARN_RANGE_LOOP_ANALYSIS = YES;
				CLANG_WARN_STRICT_PROTOTYPES = YES;
				CLANG_WARN_SUSPICIOUS_MOVE = YES;
				CLANG_WARN_UNGUARDED_AVAILABILITY = YES_AGGRESSIVE;
				CLANG_WARN_UNREACHABLE_CODE = YES;
				CLANG_WARN__DUPLICATE_METHOD_MATCH = YES;
				COPY_PHASE_STRIP = NO;
				DEBUG_INFORMATION_FORMAT = "dwarf-with-dsym";
				ENABLE_NS_ASSERTIONS = NO;
				ENABLE_STRICT_OBJC_MSGSEND = YES;
				GCC_C_LANGUAGE_STANDARD = gnu11;
				GCC_NO_COMMON_BLOCKS = YES;
				GCC_WARN_64_TO_32_BIT_CONVERSION = YES;
				GCC_WARN_ABOUT_RETURN_TYPE = YES_ERROR;
				GCC_WARN_UNDECLARED_SELECTOR = YES;
				GCC_WARN_UNINITIALIZED_AUTOS = YES_AGGRESSIVE;
				GCC_WARN_UNUSED_FUNCTION = YES;
				GCC_WARN_UNUSED_VARIABLE = YES;
				IPHONEOS_DEPLOYMENT_TARGET = 16.0;
				MTL_ENABLE_DEBUG_INFO = NO;
				MTL_FAST_MATH = YES;
				SDKROOT = iphoneos;
				SWIFT_COMPILATION_MODE = wholemodule;
				SWIFT_OPTIMIZATION_LEVEL = "-O";
				VALIDATE_PRODUCT = YES;
			};
			name = Release;
		};
		C0F13A7929106B5800394BC5 /* Debug */ = {
			isa = XCBuildConfiguration;
			baseConfigurationReference = 005C9FC15103BAD414E90A8F /* Pods-Weather.debug.xcconfig */;
			buildSettings = {
				ASSETCATALOG_COMPILER_APPICON_NAME = AppIcon;
				ASSETCATALOG_COMPILER_GLOBAL_ACCENT_COLOR_NAME = AccentColor;
				CODE_SIGN_STYLE = Automatic;
				CURRENT_PROJECT_VERSION = 1;
				GENERATE_INFOPLIST_FILE = YES;
				INFOPLIST_FILE = Weather/Info.plist;
				INFOPLIST_KEY_NSLocationAlwaysAndWhenInUseUsageDescription = "";
				INFOPLIST_KEY_NSLocationUsageDescription = "";
				INFOPLIST_KEY_NSLocationWhenInUseUsageDescription = "";
				INFOPLIST_KEY_UIApplicationSupportsIndirectInputEvents = YES;
				INFOPLIST_KEY_UILaunchStoryboardName = LaunchScreen;
				INFOPLIST_KEY_UIMainStoryboardFile = Main;
				INFOPLIST_KEY_UISupportedInterfaceOrientations_iPad = "UIInterfaceOrientationPortrait UIInterfaceOrientationPortraitUpsideDown UIInterfaceOrientationLandscapeLeft UIInterfaceOrientationLandscapeRight";
				INFOPLIST_KEY_UISupportedInterfaceOrientations_iPhone = "UIInterfaceOrientationPortrait UIInterfaceOrientationLandscapeLeft UIInterfaceOrientationLandscapeRight";
				LD_RUNPATH_SEARCH_PATHS = (
					"$(inherited)",
					"@executable_path/Frameworks",
				);
				MARKETING_VERSION = 1.0;
				PRODUCT_BUNDLE_IDENTIFIER = com.berk.Weather;
				PRODUCT_NAME = "$(TARGET_NAME)";
				SWIFT_EMIT_LOC_STRINGS = YES;
				SWIFT_VERSION = 5.0;
				TARGETED_DEVICE_FAMILY = "1,2";
			};
			name = Debug;
		};
		C0F13A7A29106B5800394BC5 /* Release */ = {
			isa = XCBuildConfiguration;
			baseConfigurationReference = 3C3565CC9BDD8A7E79CFB649 /* Pods-Weather.release.xcconfig */;
			buildSettings = {
				ASSETCATALOG_COMPILER_APPICON_NAME = AppIcon;
				ASSETCATALOG_COMPILER_GLOBAL_ACCENT_COLOR_NAME = AccentColor;
				CODE_SIGN_STYLE = Automatic;
				CURRENT_PROJECT_VERSION = 1;
				GENERATE_INFOPLIST_FILE = YES;
				INFOPLIST_FILE = Weather/Info.plist;
				INFOPLIST_KEY_NSLocationAlwaysAndWhenInUseUsageDescription = "";
				INFOPLIST_KEY_NSLocationUsageDescription = "";
				INFOPLIST_KEY_NSLocationWhenInUseUsageDescription = "";
				INFOPLIST_KEY_UIApplicationSupportsIndirectInputEvents = YES;
				INFOPLIST_KEY_UILaunchStoryboardName = LaunchScreen;
				INFOPLIST_KEY_UIMainStoryboardFile = Main;
				INFOPLIST_KEY_UISupportedInterfaceOrientations_iPad = "UIInterfaceOrientationPortrait UIInterfaceOrientationPortraitUpsideDown UIInterfaceOrientationLandscapeLeft UIInterfaceOrientationLandscapeRight";
				INFOPLIST_KEY_UISupportedInterfaceOrientations_iPhone = "UIInterfaceOrientationPortrait UIInterfaceOrientationLandscapeLeft UIInterfaceOrientationLandscapeRight";
				LD_RUNPATH_SEARCH_PATHS = (
					"$(inherited)",
					"@executable_path/Frameworks",
				);
				MARKETING_VERSION = 1.0;
				PRODUCT_BUNDLE_IDENTIFIER = com.berk.Weather;
				PRODUCT_NAME = "$(TARGET_NAME)";
				SWIFT_EMIT_LOC_STRINGS = YES;
				SWIFT_VERSION = 5.0;
				TARGETED_DEVICE_FAMILY = "1,2";
			};
			name = Release;
		};
/* End XCBuildConfiguration section */

/* Begin XCConfigurationList section */
		C0F13A5C29106B5600394BC5 /* Build configuration list for PBXProject "Weather" */ = {
			isa = XCConfigurationList;
			buildConfigurations = (
				C0F13A7629106B5800394BC5 /* Debug */,
				C0F13A7729106B5800394BC5 /* Release */,
			);
			defaultConfigurationIsVisible = 0;
			defaultConfigurationName = Release;
		};
		C0F13A7829106B5800394BC5 /* Build configuration list for PBXNativeTarget "Weather" */ = {
			isa = XCConfigurationList;
			buildConfigurations = (
				C0F13A7929106B5800394BC5 /* Debug */,
				C0F13A7A29106B5800394BC5 /* Release */,
			);
			defaultConfigurationIsVisible = 0;
			defaultConfigurationName = Release;
		};
/* End XCConfigurationList section */
	};
	rootObject = C0F13A5929106B5600394BC5 /* Project object */;
}
